Microsoft Visual Studio Solution File, Format Version 12.00
# Visual Studio Version 17
VisualStudioVersion = 17.5.2.0
MinimumVisualStudioVersion = 10.0.40219.1
Project("{FAE04EC0-301F-11D3-BF4B-00C04F79EFBC}") = "GestorDeInventario.Web", "GestorDeInventario.Web.csproj", "{B43E601F-7BC9-8C47-CB55-DD49B0BD0B68}"
EndProject
Global
	GlobalSection(SolutionConfigurationPlatforms) = preSolution
		Debug|Any CPU = Debug|Any CPU
		Release|Any CPU = Release|Any CPU
	EndGlobalSection
	GlobalSection(ProjectConfigurationPlatforms) = postSolution
		{B43E601F-7BC9-8C47-CB55-DD49B0BD0B68}.Debug|Any CPU.ActiveCfg = Debug|Any CPU
		{B43E601F-7BC9-8C47-CB55-DD49B0BD0B68}.Debug|Any CPU.Build.0 = Debug|Any CPU
		{B43E601F-7BC9-8C47-CB55-DD49B0BD0B68}.Release|Any CPU.ActiveCfg = Release|Any CPU
		{B43E601F-7BC9-8C47-CB55-DD49B0BD0B68}.Release|Any CPU.Build.0 = Release|Any CPU
	EndGlobalSection
	GlobalSection(SolutionProperties) = preSolution
		HideSolutionNode = FALSE
	EndGlobalSection
	GlobalSection(ExtensibilityGlobals) = postSolution
		SolutionGuid = {404195A7-0C40-42FC-8A88-86341B3BD4EE}
	EndGlobalSection
EndGlobal
